// !$*UTF8*$!
{
	archiveVersion = 1;
	classes = {
	};
	objectVersion = 56;
	objects = {

/* Begin PBXBuildFile section */
		670B13422D5887F50000D3B9 /* PoetryManager.swift in Sources */ = {isa = PBXBuildFile; fileRef = 670B13412D5887F40000D3B9 /* PoetryManager.swift */; };
		670B134C2D5904840000D3B9 /* SharedStructs.swift in Sources */ = {isa = PBXBuildFile; fileRef = 670B134B2D5904840000D3B9 /* SharedStructs.swift */; };
		B31E588A2D57058800B9F545 /* AirCalendarApp.swift in Sources */ = {isa = PBXBuildFile; fileRef = B31E58892D57058800B9F545 /* AirCalendarApp.swift */; };
		B31E588E2D57058900B9F545 /* Assets.xcassets in Resources */ = {isa = PBXBuildFile; fileRef = B31E588D2D57058900B9F545 /* Assets.xcassets */; };
		B31E58912D57058900B9F545 /* Preview Assets.xcassets in Resources */ = {isa = PBXBuildFile; fileRef = B31E58902D57058900B9F545 /* Preview Assets.xcassets */; };
		B393C3362D64824900B7E9BC /* DetailCollectionView.swift in Sources */ = {isa = PBXBuildFile; fileRef = B393C3352D64824900B7E9BC /* DetailCollectionView.swift */; };
		B393C3E02D64A29300B7E9BC /* SongDaiBaseManager.swift in Sources */ = {isa = PBXBuildFile; fileRef = B393C3DF2D64A29300B7E9BC /* SongDaiBaseManager.swift */; };
		B3CCF0852D576521003BCDC2 /* LunarCalendar.swift in Sources */ = {isa = PBXBuildFile; fileRef = B3CCF0772D576521003BCDC2 /* LunarCalendar.swift */; };
		B3CCF0862D576521003BCDC2 /* DayItem.swift in Sources */ = {isa = PBXBuildFile; fileRef = B3CCF0782D576521003BCDC2 /* DayItem.swift */; };
		B3CCF0882D576521003BCDC2 /* AudioManager.swift in Sources */ = {isa = PBXBuildFile; fileRef = B3CCF07B2D576521003BCDC2 /* AudioManager.swift */; };
		B3CCF0892D576521003BCDC2 /* SolarTerms.swift in Sources */ = {isa = PBXBuildFile; fileRef = B3CCF07D2D576521003BCDC2 /* SolarTerms.swift */; };
		B3CCF08A2D576521003BCDC2 /* CachedAsyncImage.swift in Sources */ = {isa = PBXBuildFile; fileRef = B3CCF0802D576521003BCDC2 /* CachedAsyncImage.swift */; };
		B3CCF08B2D576521003BCDC2 /* DayCollectionView.swift in Sources */ = {isa = PBXBuildFile; fileRef = B3CCF0822D576521003BCDC2 /* DayCollectionView.swift */; };
		B3CCF08C2D576521003BCDC2 /* ContentView.swift in Sources */ = {isa = PBXBuildFile; fileRef = B3CCF0842D576521003BCDC2 /* ContentView.swift */; };
		B3CCF15E2D59F8C8003BCDC2 /* 溪水潺潺.mp3 in Resources */ = {isa = PBXBuildFile; fileRef = B3CCF1562D59F8C8003BCDC2 /* 溪水潺潺.mp3 */; };
		B3CCF15F2D59F8C8003BCDC2 /* 细雨绵绵.mp3 in Resources */ = {isa = PBXBuildFile; fileRef = B3CCF1572D59F8C8003BCDC2 /* 细雨绵绵.mp3 */; };
		B3CCF1602D59F8C8003BCDC2 /* 温暖篝火.mp3 in Resources */ = {isa = PBXBuildFile; fileRef = B3CCF1582D59F8C8003BCDC2 /* 温暖篝火.mp3 */; };
		B3CCF1612D59F8C8003BCDC2 /* 海浪轻拍.mp3 in Resources */ = {isa = PBXBuildFile; fileRef = B3CCF1592D59F8C8003BCDC2 /* 海浪轻拍.mp3 */; };
		B3CCF1622D59F8C8003BCDC2 /* 林间鸟语.mp3 in Resources */ = {isa = PBXBuildFile; fileRef = B3CCF15A2D59F8C8003BCDC2 /* 林间鸟语.mp3 */; };
		B3CCF1632D59F8C8003BCDC2 /* 夜晚虫鸣.mp3 in Resources */ = {isa = PBXBuildFile; fileRef = B3CCF15B2D59F8C8003BCDC2 /* 夜晚虫鸣.mp3 */; };
		B3CCF1642D59F8C8003BCDC2 /* 微风拂叶.mp3 in Resources */ = {isa = PBXBuildFile; fileRef = B3CCF15C2D59F8C8003BCDC2 /* 微风拂叶.mp3 */; };
		B3CCF1652D59F8C8003BCDC2 /* 山涧流水.mp3 in Resources */ = {isa = PBXBuildFile; fileRef = B3CCF15D2D59F8C8003BCDC2 /* 山涧流水.mp3 */; };
/* End PBXBuildFile section */

/* Begin PBXFileReference section */
		670B13412D5887F40000D3B9 /* PoetryManager.swift */ = {isa = PBXFileReference; fileEncoding = 4; lastKnownFileType = sourcecode.swift; path = PoetryManager.swift; sourceTree = "<group>"; };
		670B134B2D5904840000D3B9 /* SharedStructs.swift */ = {isa = PBXFileReference; fileEncoding = 4; lastKnownFileType = sourcecode.swift; path = SharedStructs.swift; sourceTree = "<group>"; };
		B31E58862D57058800B9F545 /* AirCalendar.app */ = {isa = PBXFileReference; explicitFileType = wrapper.application; includeInIndex = 0; path = AirCalendar.app; sourceTree = BUILT_PRODUCTS_DIR; };
		B31E58892D57058800B9F545 /* AirCalendarApp.swift */ = {isa = PBXFileReference; lastKnownFileType = sourcecode.swift; path = AirCalendarApp.swift; sourceTree = "<group>"; };
		B31E588D2D57058900B9F545 /* Assets.xcassets */ = {isa = PBXFileReference; lastKnownFileType = folder.assetcatalog; path = Assets.xcassets; sourceTree = "<group>"; };
		B31E58902D57058900B9F545 /* Preview Assets.xcassets */ = {isa = PBXFileReference; lastKnownFileType = folder.assetcatalog; path = "Preview Assets.xcassets"; sourceTree = "<group>"; };
		B393C3352D64824900B7E9BC /* DetailCollectionView.swift */ = {isa = PBXFileReference; fileEncoding = 4; lastKnownFileType = sourcecode.swift; path = DetailCollectionView.swift; sourceTree = "<group>"; };
		B393C3DF2D64A29300B7E9BC /* SongDaiBaseManager.swift */ = {isa = PBXFileReference; fileEncoding = 4; lastKnownFileType = sourcecode.swift; path = SongDaiBaseManager.swift; sourceTree = "<group>"; };
		B3CCF0772D576521003BCDC2 /* LunarCalendar.swift */ = {isa = PBXFileReference; fileEncoding = 4; lastKnownFileType = sourcecode.swift; path = LunarCalendar.swift; sourceTree = "<group>"; };
		B3CCF0782D576521003BCDC2 /* DayItem.swift */ = {isa = PBXFileReference; fileEncoding = 4; lastKnownFileType = sourcecode.swift; path = DayItem.swift; sourceTree = "<group>"; };
		B3CCF07B2D576521003BCDC2 /* AudioManager.swift */ = {isa = PBXFileReference; fileEncoding = 4; lastKnownFileType = sourcecode.swift; path = AudioManager.swift; sourceTree = "<group>"; };
		B3CCF07D2D576521003BCDC2 /* SolarTerms.swift */ = {isa = PBXFileReference; fileEncoding = 4; lastKnownFileType = sourcecode.swift; path = SolarTerms.swift; sourceTree = "<group>"; };
		B3CCF0802D576521003BCDC2 /* CachedAsyncImage.swift */ = {isa = PBXFileReference; fileEncoding = 4; lastKnownFileType = sourcecode.swift; path = CachedAsyncImage.swift; sourceTree = "<group>"; };
		B3CCF0822D576521003BCDC2 /* DayCollectionView.swift */ = {isa = PBXFileReference; fileEncoding = 4; lastKnownFileType = sourcecode.swift; path = DayCollectionView.swift; sourceTree = "<group>"; };
		B3CCF0842D576521003BCDC2 /* ContentView.swift */ = {isa = PBXFileReference; fileEncoding = 4; lastKnownFileType = sourcecode.swift; path = ContentView.swift; sourceTree = "<group>"; };
		B3CCF0AB2D59D2D4003BCDC2 /* Info.plist */ = {isa = PBXFileReference; lastKnownFileType = text.plist; path = Info.plist; sourceTree = "<group>"; };
		B3CCF1562D59F8C8003BCDC2 /* 溪水潺潺.mp3 */ = {isa = PBXFileReference; lastKnownFileType = audio.mp3; path = "溪水潺潺.mp3"; sourceTree = "<group>"; };
		B3CCF1572D59F8C8003BCDC2 /* 细雨绵绵.mp3 */ = {isa = PBXFileReference; lastKnownFileType = audio.mp3; path = "细雨绵绵.mp3"; sourceTree = "<group>"; };
		B3CCF1582D59F8C8003BCDC2 /* 温暖篝火.mp3 */ = {isa = PBXFileReference; lastKnownFileType = audio.mp3; path = "温暖篝火.mp3"; sourceTree = "<group>"; };
		B3CCF1592D59F8C8003BCDC2 /* 海浪轻拍.mp3 */ = {isa = PBXFileReference; lastKnownFileType = audio.mp3; path = "海浪轻拍.mp3"; sourceTree = "<group>"; };
		B3CCF15A2D59F8C8003BCDC2 /* 林间鸟语.mp3 */ = {isa = PBXFileReference; lastKnownFileType = audio.mp3; path = "林间鸟语.mp3"; sourceTree = "<group>"; };
		B3CCF15B2D59F8C8003BCDC2 /* 夜晚虫鸣.mp3 */ = {isa = PBXFileReference; lastKnownFileType = audio.mp3; path = "夜晚虫鸣.mp3"; sourceTree = "<group>"; };
		B3CCF15C2D59F8C8003BCDC2 /* 微风拂叶.mp3 */ = {isa = PBXFileReference; lastKnownFileType = audio.mp3; path = "微风拂叶.mp3"; sourceTree = "<group>"; };
		B3CCF15D2D59F8C8003BCDC2 /* 山涧流水.mp3 */ = {isa = PBXFileReference; lastKnownFileType = audio.mp3; path = "山涧流水.mp3"; sourceTree = "<group>"; };
/* End PBXFileReference section */

/* Begin PBXFrameworksBuildPhase section */
		B31E58832D57058800B9F545 /* Frameworks */ = {
			isa = PBXFrameworksBuildPhase;
			buildActionMask = 2147483647;
			files = (
			);
			runOnlyForDeploymentPostprocessing = 0;
		};
/* End PBXFrameworksBuildPhase section */

/* Begin PBXGroup section */
		B31E587D2D57058800B9F545 = {
			isa = PBXGroup;
			children = (
				B31E58882D57058800B9F545 /* AirCalendar */,
				B31E58872D57058800B9F545 /* Products */,
			);
			sourceTree = "<group>";
		};
		B31E58872D57058800B9F545 /* Products */ = {
			isa = PBXGroup;
			children = (
				B31E58862D57058800B9F545 /* AirCalendar.app */,
			);
			name = Products;
			sourceTree = "<group>";
		};
		B31E58882D57058800B9F545 /* AirCalendar */ = {
			isa = PBXGroup;
			children = (
				B3CCF0AB2D59D2D4003BCDC2 /* Info.plist */,
				B31E58892D57058800B9F545 /* AirCalendarApp.swift */,
				B3CCF09E2D59D162003BCDC2 /* Resources */,
				B3CCF0762D576521003BCDC2 /* Models */,
				B3CCF0792D576521003BCDC2 /* Services */,
				B3CCF07C2D576521003BCDC2 /* Utils */,
				B3CCF07E2D576521003BCDC2 /* Views */,
				B31E588D2D57058900B9F545 /* Assets.xcassets */,
				B31E588F2D57058900B9F545 /* Preview Content */,
			);
			path = AirCalendar;
			sourceTree = "<group>";
		};
		B31E588F2D57058900B9F545 /* Preview Content */ = {
			isa = PBXGroup;
			children = (
				B31E58902D57058900B9F545 /* Preview Assets.xcassets */,
			);
			path = "Preview Content";
			sourceTree = "<group>";
		};
		B3CCF0762D576521003BCDC2 /* Models */ = {
			isa = PBXGroup;
			children = (
				B3CCF0772D576521003BCDC2 /* LunarCalendar.swift */,
				670B13412D5887F40000D3B9 /* PoetryManager.swift */,
				B3CCF0782D576521003BCDC2 /* DayItem.swift */,
				670B134B2D5904840000D3B9 /* SharedStructs.swift */,
				B393C3DF2D64A29300B7E9BC /* SongDaiBaseManager.swift */,
			);
			path = Models;
			sourceTree = "<group>";
		};
		B3CCF0792D576521003BCDC2 /* Services */ = {
			isa = PBXGroup;
			children = (
				B3CCF0802D576521003BCDC2 /* CachedAsyncImage.swift */,
				B3CCF07B2D576521003BCDC2 /* AudioManager.swift */,
			);
			path = Services;
			sourceTree = "<group>";
		};
		B3CCF07C2D576521003BCDC2 /* Utils */ = {
			isa = PBXGroup;
			children = (
				B3CCF07D2D576521003BCDC2 /* SolarTerms.swift */,
			);
			path = Utils;
			sourceTree = "<group>";
		};
		B3CCF07E2D576521003BCDC2 /* Views */ = {
			isa = PBXGroup;
			children = (
				B3CCF0842D576521003BCDC2 /* ContentView.swift */,
				B393C3352D64824900B7E9BC /* DetailCollectionView.swift */,
				B3CCF0822D576521003BCDC2 /* DayCollectionView.swift */,
			);
			path = Views;
			sourceTree = "<group>";
		};
		B3CCF09E2D59D162003BCDC2 /* Resources */ = {
			isa = PBXGroup;
			children = (
				B3CCF1592D59F8C8003BCDC2 /* 海浪轻拍.mp3 */,
				B3CCF15A2D59F8C8003BCDC2 /* 林间鸟语.mp3 */,
				B3CCF15D2D59F8C8003BCDC2 /* 山涧流水.mp3 */,
				B3CCF15C2D59F8C8003BCDC2 /* 微风拂叶.mp3 */,
				B3CCF1582D59F8C8003BCDC2 /* 温暖篝火.mp3 */,
				B3CCF1562D59F8C8003BCDC2 /* 溪水潺潺.mp3 */,
				B3CCF1572D59F8C8003BCDC2 /* 细雨绵绵.mp3 */,
				B3CCF15B2D59F8C8003BCDC2 /* 夜晚虫鸣.mp3 */,
			);
			path = Resources;
			sourceTree = "<group>";
		};
/* End PBXGroup section */

/* Begin PBXNativeTarget section */
		B31E58852D57058800B9F545 /* AirCalendar */ = {
			isa = PBXNativeTarget;
			buildConfigurationList = B31E58942D57058900B9F545 /* Build configuration list for PBXNativeTarget "AirCalendar" */;
			buildPhases = (
				B31E58822D57058800B9F545 /* Sources */,
				B31E58832D57058800B9F545 /* Frameworks */,
				B31E58842D57058800B9F545 /* Resources */,
			);
			buildRules = (
			);
			dependencies = (
			);
			name = AirCalendar;
			productName = AirCalendar;
			productReference = B31E58862D57058800B9F545 /* AirCalendar.app */;
			productType = "com.apple.product-type.application";
		};
/* End PBXNativeTarget section */

/* Begin PBXProject section */
		B31E587E2D57058800B9F545 /* Project object */ = {
			isa = PBXProject;
			attributes = {
				BuildIndependentTargetsInParallel = 1;
				LastSwiftUpdateCheck = 1500;
				LastUpgradeCheck = 1500;
				TargetAttributes = {
					B31E58852D57058800B9F545 = {
						CreatedOnToolsVersion = 15.0;
					};
				};
			};
			buildConfigurationList = B31E58812D57058800B9F545 /* Build configuration list for PBXProject "AirCalendar" */;
			compatibilityVersion = "Xcode 14.0";
			developmentRegion = en;
			hasScannedForEncodings = 0;
			knownRegions = (
				en,
				Base,
			);
			mainGroup = B31E587D2D57058800B9F545;
			productRefGroup = B31E58872D57058800B9F545 /* Products */;
			projectDirPath = "";
			projectRoot = "";
			targets = (
				B31E58852D57058800B9F545 /* AirCalendar */,
			);
		};
/* End PBXProject section */

/* Begin PBXResourcesBuildPhase section */
		B31E58842D57058800B9F545 /* Resources */ = {
			isa = PBXResourcesBuildPhase;
			buildActionMask = 2147483647;
			files = (
				B3CCF15F2D59F8C8003BCDC2 /* 细雨绵绵.mp3 in Resources */,
				B31E58912D57058900B9F545 /* Preview Assets.xcassets in Resources */,
				B3CCF1652D59F8C8003BCDC2 /* 山涧流水.mp3 in Resources */,
				B3CCF1612D59F8C8003BCDC2 /* 海浪轻拍.mp3 in Resources */,
				B3CCF1622D59F8C8003BCDC2 /* 林间鸟语.mp3 in Resources */,
				B3CCF15E2D59F8C8003BCDC2 /* 溪水潺潺.mp3 in Resources */,
				B31E588E2D57058900B9F545 /* Assets.xcassets in Resources */,
				B3CCF1602D59F8C8003BCDC2 /* 温暖篝火.mp3 in Resources */,
				B3CCF1642D59F8C8003BCDC2 /* 微风拂叶.mp3 in Resources */,
				B3CCF1632D59F8C8003BCDC2 /* 夜晚虫鸣.mp3 in Resources */,
			);
			runOnlyForDeploymentPostprocessing = 0;
		};
/* End PBXResourcesBuildPhase section */

/* Begin PBXSourcesBuildPhase section */
		B31E58822D57058800B9F545 /* Sources */ = {
			isa = PBXSourcesBuildPhase;
			buildActionMask = 2147483647;
			files = (
				B3CCF0892D576521003BCDC2 /* SolarTerms.swift in Sources */,
				B393C3362D64824900B7E9BC /* DetailCollectionView.swift in Sources */,
				B3CCF0882D576521003BCDC2 /* AudioManager.swift in Sources */,
				B393C3E02D64A29300B7E9BC /* SongDaiBaseManager.swift in Sources */,
				670B13422D5887F50000D3B9 /* PoetryManager.swift in Sources */,
				B3CCF08A2D576521003BCDC2 /* CachedAsyncImage.swift in Sources */,
				B3CCF08B2D576521003BCDC2 /* DayCollectionView.swift in Sources */,
				B3CCF0852D576521003BCDC2 /* LunarCalendar.swift in Sources */,
				670B134C2D5904840000D3B9 /* SharedStructs.swift in Sources */,
				B3CCF08C2D576521003BCDC2 /* ContentView.swift in Sources */,
				B3CCF0862D576521003BCDC2 /* DayItem.swift in Sources */,
				B31E588A2D57058800B9F545 /* AirCalendarApp.swift in Sources */,
			);
			runOnlyForDeploymentPostprocessing = 0;
		};
/* End PBXSourcesBuildPhase section */

/* Begin XCBuildConfiguration section */
		B31E58922D57058900B9F545 /* Debug */ = {
			isa = XCBuildConfiguration;
			buildSettings = {
				ALWAYS_SEARCH_USER_PATHS = NO;
				ASSETCATALOG_COMPILER_GENERATE_SWIFT_ASSET_SYMBOL_EXTENSIONS = YES;
				CLANG_ANALYZER_NONNULL = YES;
				CLANG_ANALYZER_NUMBER_OBJECT_CONVERSION = YES_AGGRESSIVE;
				CLANG_CXX_LANGUAGE_STANDARD = "gnu++20";
				CLANG_ENABLE_MODULES = YES;
				CLANG_ENABLE_OBJC_ARC = YES;
				CLANG_ENABLE_OBJC_WEAK = YES;
				CLANG_WARN_BLOCK_CAPTURE_AUTORELEASING = YES;
				CLANG_WARN_BOOL_CONVERSION = YES;
				CLANG_WARN_COMMA = YES;
				CLANG_WARN_CONSTANT_CONVERSION = YES;
				CLANG_WARN_DEPRECATED_OBJC_IMPLEMENTATIONS = YES;
				CLANG_WARN_DIRECT_OBJC_ISA_USAGE = YES_ERROR;
				CLANG_WARN_DOCUMENTATION_COMMENTS = YES;
				CLANG_WARN_EMPTY_BODY = YES;
				CLANG_WARN_ENUM_CONVERSION = YES;
				CLANG_WARN_INFINITE_RECURSION = YES;
				CLANG_WARN_INT_CONVERSION = YES;
				CLANG_WARN_NON_LITERAL_NULL_CONVERSION = YES;
				CLANG_WARN_OBJC_IMPLICIT_RETAIN_SELF = YES;
				CLANG_WARN_OBJC_LITERAL_CONVERSION = YES;
				CLANG_WARN_OBJC_ROOT_CLASS = YES_ERROR;
				CLANG_WARN_QUOTED_INCLUDE_IN_FRAMEWORK_HEADER = YES;
				CLANG_WARN_RANGE_LOOP_ANALYSIS = YES;
				CLANG_WARN_STRICT_PROTOTYPES = YES;
				CLANG_WARN_SUSPICIOUS_MOVE = YES;
				CLANG_WARN_UNGUARDED_AVAILABILITY = YES_AGGRESSIVE;
				CLANG_WARN_UNREACHABLE_CODE = YES;
				CLANG_WARN__DUPLICATE_METHOD_MATCH = YES;
				COPY_PHASE_STRIP = NO;
				DEBUG_INFORMATION_FORMAT = dwarf;
				ENABLE_STRICT_OBJC_MSGSEND = YES;
				ENABLE_TESTABILITY = YES;
				ENABLE_USER_SCRIPT_SANDBOXING = YES;
				GCC_C_LANGUAGE_STANDARD = gnu17;
				GCC_DYNAMIC_NO_PIC = NO;
				GCC_NO_COMMON_BLOCKS = YES;
				GCC_OPTIMIZATION_LEVEL = 0;
				GCC_PREPROCESSOR_DEFINITIONS = (
					"DEBUG=1",
					"$(inherited)",
				);
				GCC_WARN_64_TO_32_BIT_CONVERSION = YES;
				GCC_WARN_ABOUT_RETURN_TYPE = YES_ERROR;
				GCC_WARN_UNDECLARED_SELECTOR = YES;
				GCC_WARN_UNINITIALIZED_AUTOS = YES_AGGRESSIVE;
				GCC_WARN_UNUSED_FUNCTION = YES;
				GCC_WARN_UNUSED_VARIABLE = YES;
				IPHONEOS_DEPLOYMENT_TARGET = 17.0;
				LOCALIZATION_PREFERS_STRING_CATALOGS = YES;
				MTL_ENABLE_DEBUG_INFO = INCLUDE_SOURCE;
				MTL_FAST_MATH = YES;
				ONLY_ACTIVE_ARCH = YES;
				SDKROOT = iphoneos;
				SWIFT_ACTIVE_COMPILATION_CONDITIONS = "DEBUG $(inherited)";
				SWIFT_OPTIMIZATION_LEVEL = "-Onone";
			};
			name = Debug;
		};
		B31E58932D57058900B9F545 /* Release */ = {
			isa = XCBuildConfiguration;
			buildSettings = {
				ALWAYS_SEARCH_USER_PATHS = NO;
				ASSETCATALOG_COMPILER_GENERATE_SWIFT_ASSET_SYMBOL_EXTENSIONS = YES;
				CLANG_ANALYZER_NONNULL = YES;
				CLANG_ANALYZER_NUMBER_OBJECT_CONVERSION = YES_AGGRESSIVE;
				CLANG_CXX_LANGUAGE_STANDARD = "gnu++20";
				CLANG_ENABLE_MODULES = YES;
				CLANG_ENABLE_OBJC_ARC = YES;
				CLANG_ENABLE_OBJC_WEAK = YES;
				CLANG_WARN_BLOCK_CAPTURE_AUTORELEASING = YES;
				CLANG_WARN_BOOL_CONVERSION = YES;
				CLANG_WARN_COMMA = YES;
				CLANG_WARN_CONSTANT_CONVERSION = YES;
				CLANG_WARN_DEPRECATED_OBJC_IMPLEMENTATIONS = YES;
				CLANG_WARN_DIRECT_OBJC_ISA_USAGE = YES_ERROR;
				CLANG_WARN_DOCUMENTATION_COMMENTS = YES;
				CLANG_WARN_EMPTY_BODY = YES;
				CLANG_WARN_ENUM_CONVERSION = YES;
				CLANG_WARN_INFINITE_RECURSION = YES;
				CLANG_WARN_INT_CONVERSION = YES;
				CLANG_WARN_NON_LITERAL_NULL_CONVERSION = YES;
				CLANG_WARN_OBJC_IMPLICIT_RETAIN_SELF = YES;
				CLANG_WARN_OBJC_LITERAL_CONVERSION = YES;
				CLANG_WARN_OBJC_ROOT_CLASS = YES_ERROR;
				CLANG_WARN_QUOTED_INCLUDE_IN_FRAMEWORK_HEADER = YES;
				CLANG_WARN_RANGE_LOOP_ANALYSIS = YES;
				CLANG_WARN_STRICT_PROTOTYPES = YES;
				CLANG_WARN_SUSPICIOUS_MOVE = YES;
				CLANG_WARN_UNGUARDED_AVAILABILITY = YES_AGGRESSIVE;
				CLANG_WARN_UNREACHABLE_CODE = YES;
				CLANG_WARN__DUPLICATE_METHOD_MATCH = YES;
				COPY_PHASE_STRIP = NO;
				DEBUG_INFORMATION_FORMAT = "dwarf-with-dsym";
				ENABLE_NS_ASSERTIONS = NO;
				ENABLE_STRICT_OBJC_MSGSEND = YES;
				ENABLE_USER_SCRIPT_SANDBOXING = YES;
				GCC_C_LANGUAGE_STANDARD = gnu17;
				GCC_NO_COMMON_BLOCKS = YES;
				GCC_WARN_64_TO_32_BIT_CONVERSION = YES;
				GCC_WARN_ABOUT_RETURN_TYPE = YES_ERROR;
				GCC_WARN_UNDECLARED_SELECTOR = YES;
				GCC_WARN_UNINITIALIZED_AUTOS = YES_AGGRESSIVE;
				GCC_WARN_UNUSED_FUNCTION = YES;
				GCC_WARN_UNUSED_VARIABLE = YES;
				IPHONEOS_DEPLOYMENT_TARGET = 17.0;
				LOCALIZATION_PREFERS_STRING_CATALOGS = YES;
				MTL_ENABLE_DEBUG_INFO = NO;
				MTL_FAST_MATH = YES;
				SDKROOT = iphoneos;
				SWIFT_COMPILATION_MODE = wholemodule;
				VALIDATE_PRODUCT = YES;
			};
			name = Release;
		};
		B31E58952D57058900B9F545 /* Debug */ = {
			isa = XCBuildConfiguration;
			buildSettings = {
				ASSETCATALOG_COMPILER_APPICON_NAME = AppIcon;
				ASSETCATALOG_COMPILER_GLOBAL_ACCENT_COLOR_NAME = AccentColor;
				CODE_SIGN_IDENTITY = "Apple Development";
				CODE_SIGN_STYLE = Automatic;
				CURRENT_PROJECT_VERSION = 1;
				DEVELOPMENT_ASSET_PATHS = "\"AirCalendar/Preview Content\"";
				DEVELOPMENT_TEAM = 7U634AK5AY;
				ENABLE_PREVIEWS = YES;
				GENERATE_INFOPLIST_FILE = YES;
				INFOPLIST_FILE = AirCalendar/Info.plist;
				INFOPLIST_KEY_UIApplicationSceneManifest_Generation = YES;
				INFOPLIST_KEY_UIApplicationSupportsIndirectInputEvents = YES;
				INFOPLIST_KEY_UILaunchScreen_Generation = YES;
				INFOPLIST_KEY_UISupportedInterfaceOrientations_iPad = "UIInterfaceOrientationPortrait UIInterfaceOrientationPortraitUpsideDown UIInterfaceOrientationLandscapeLeft UIInterfaceOrientationLandscapeRight";
				INFOPLIST_KEY_UISupportedInterfaceOrientations_iPhone = "UIInterfaceOrientationPortrait UIInterfaceOrientationLandscapeLeft UIInterfaceOrientationLandscapeRight";
				IPHONEOS_DEPLOYMENT_TARGET = 17.0;
				LD_RUNPATH_SEARCH_PATHS = (
					"$(inherited)",
					"@executable_path/Frameworks",
				);
				MARKETING_VERSION = 1.0;
				PRODUCT_BUNDLE_IDENTIFIER = com.leo.AirCalendar;
				PRODUCT_NAME = "$(TARGET_NAME)";
				PROVISIONING_PROFILE_SPECIFIER = "";
				SWIFT_EMIT_LOC_STRINGS = YES;
				SWIFT_VERSION = 5.0;
				TARGETED_DEVICE_FAMILY = "1,2";
			};
			name = Debug;
		};
		B31E58962D57058900B9F545 /* Release */ = {
			isa = XCBuildConfiguration;
			buildSettings = {
				ASSETCATALOG_COMPILER_APPICON_NAME = AppIcon;
				ASSETCATALOG_COMPILER_GLOBAL_ACCENT_COLOR_NAME = AccentColor;
				CODE_SIGN_IDENTITY = "Apple Development";
				CODE_SIGN_STYLE = Automatic;
				CURRENT_PROJECT_VERSION = 1;
				DEVELOPMENT_ASSET_PATHS = "\"AirCalendar/Preview Content\"";
				DEVELOPMENT_TEAM = 7U634AK5AY;
				ENABLE_PREVIEWS = YES;
				GENERATE_INFOPLIST_FILE = YES;
				INFOPLIST_FILE = AirCalendar/Info.plist;
				INFOPLIST_KEY_UIApplicationSceneManifest_Generation = YES;
				INFOPLIST_KEY_UIApplicationSupportsIndirectInputEvents = YES;
				INFOPLIST_KEY_UILaunchScreen_Generation = YES;
				INFOPLIST_KEY_UISupportedInterfaceOrientations_iPad = "UIInterfaceOrientationPortrait UIInterfaceOrientationPortraitUpsideDown UIInterfaceOrientationLandscapeLeft UIInterfaceOrientationLandscapeRight";
				INFOPLIST_KEY_UISupportedInterfaceOrientations_iPhone = "UIInterfaceOrientationPortrait UIInterfaceOrientationLandscapeLeft UIInterfaceOrientationLandscapeRight";
				IPHONEOS_DEPLOYMENT_TARGET = 17.0;
				LD_RUNPATH_SEARCH_PATHS = (
					"$(inherited)",
					"@executable_path/Frameworks",
				);
				MARKETING_VERSION = 1.0;
				PRODUCT_BUNDLE_IDENTIFIER = com.leo.AirCalendar;
				PRODUCT_NAME = "$(TARGET_NAME)";
				PROVISIONING_PROFILE_SPECIFIER = "";
				SWIFT_EMIT_LOC_STRINGS = YES;
				SWIFT_VERSION = 5.0;
				TARGETED_DEVICE_FAMILY = "1,2";
			};
			name = Release;
		};
/* End XCBuildConfiguration section */

/* Begin XCConfigurationList section */
		B31E58812D57058800B9F545 /* Build configuration list for PBXProject "AirCalendar" */ = {
			isa = XCConfigurationList;
			buildConfigurations = (
				B31E58922D57058900B9F545 /* Debug */,
				B31E58932D57058900B9F545 /* Release */,
			);
			defaultConfigurationIsVisible = 0;
			defaultConfigurationName = Release;
		};
		B31E58942D57058900B9F545 /* Build configuration list for PBXNativeTarget "AirCalendar" */ = {
			isa = XCConfigurationList;
			buildConfigurations = (
				B31E58952D57058900B9F545 /* Debug */,
				B31E58962D57058900B9F545 /* Release */,
			);
			defaultConfigurationIsVisible = 0;
			defaultConfigurationName = Release;
		};
/* End XCConfigurationList section */
	};
	rootObject = B31E587E2D57058800B9F545 /* Project object */;
}
